{
  "name": "FreelanceFlow",
  "version": "0.1.0",
  "lockfileVersion": 3,
  "requires": true,
  "private": true,
  "packages": {
    "": {
      "dependencies": {
        "tailwindcss": "^4.1.7"
      }
    },
    "node_modules/tailwindcss": {
      "version": "4.1.7",
      "integrity": "sha512-kr1o/ErIdNhTz8uzAYL7TpaUuzKIE6QPQ4qmSdxnoX/lo+5wmUHQA6h3L5yIqEImSRnAAURDirLu/BgiXGPAhg=="
    }
  },
  "browserslist": {
    "development": [
      "last 1 chrome version",
      "last 1 firefox version",
      "last 1 safari version"
    ],
    "production": [
      ">0.2%",
      "not dead",
      "not op_mini all"
    ]
  },
  "scripts": {
    "build": "react-scripts build",
    "eject": "react-scripts eject",
    "start": "react-scripts start",
    "test": "react-scripts test"
  }
}
